<?xml version="1.0" encoding="utf-8"?>
<Project ToolsVersion="4.0" xmlns="http://schemas.microsoft.com/developer/msbuild/2003">
  <ItemGroup>
    <Filter Include="Source Files">
      <UniqueIdentifier>{4FC737F1-C7A5-4376-A066-2A32D752A2FF}</UniqueIdentifier>
      <Extensions>cpp;c;cc;cxx;c++;def;odl;idl;hpj;bat;asm;asmx</Extensions>
    </Filter>
    <Filter Include="Header Files">
      <UniqueIdentifier>{93995380-89BD-4b04-88EB-625FBE52EBFB}</UniqueIdentifier>
      <Extensions>h;hh;hpp;hxx;h++;hm;inl;inc;ipp;xsd</Extensions>
    </Filter>
    <Filter Include="Resource Files">
      <UniqueIdentifier>{67DA6AB6-F800-4c08-8B7A-83BB121AAD01}</UniqueIdentifier>
      <Extensions>rc;ico;cur;bmp;dlg;rc2;rct;bin;rgs;gif;jpg;jpeg;jpe;resx;tiff;tif;png;wav;mfcribbon-ms</Extensions>
    </Filter>
    <Filter Include="Source Files\contrib">
      <UniqueIdentifier>{5f0ab270-274b-4fac-9644-bb4a7d3dc2da}</UniqueIdentifier>
    </Filter>
    <Filter Include="Source Files\contrib\miniz">
      <UniqueIdentifier>{290c52d2-60df-483d-bf34-7b8724148462}</UniqueIdentifier>
    </Filter>
    <Filter Include="Source Files\contrib\imgui">
      <UniqueIdentifier>{078e0fcc-c8e4-4247-a1b0-4f16441b4ab2}</UniqueIdentifier>
    </Filter>
    <Filter Include="Source Files\contrib\glad">
      <UniqueIdentifier>{92cd9377-0be4-4e01-b881-a3b2a355561b}</UniqueIdentifier>
    </Filter>
  </ItemGroup>
  <ItemGroup>
    <ClCompile Include="src\main.cpp">
      <Filter>Source Files</Filter>
    </ClCompile>
    <ClCompile Include="contrib\imgui-1.76\imgui_draw.cpp">
      <Filter>Source Files\contrib\imgui</Filter>
    </ClCompile>
    <ClCompile Include="contrib\imgui-1.76\imgui_impl_glfw.cpp">
      <Filter>Source Files\contrib\imgui</Filter>
    </ClCompile>
    <ClCompile Include="contrib\imgui-1.76\imgui_impl_opengl3.cpp">
      <Filter>Source Files\contrib\imgui</Filter>
    </ClCompile>
    <ClCompile Include="contrib\imgui-1.76\imgui_widgets.cpp">
      <Filter>Source Files\contrib\imgui</Filter>
    </ClCompile>
    <ClCompile Include="contrib\imgui-1.76\imgui.cpp">
      <Filter>Source Files\contrib\imgui</Filter>
    </ClCompile>
    <ClCompile Include="contrib\imgui-1.76\imgui_demo.cpp">
      <Filter>Source Files\contrib\imgui</Filter>
    </ClCompile>
    <ClCompile Include="contrib\glad\glad.c">
      <Filter>Source Files\contrib\glad</Filter>
    </ClCompile>
    <ClCompile Include="src\gui.cpp">
      <Filter>Source Files</Filter>
    </ClCompile>
    <ClCompile Include="src\rom.cpp">
      <Filter>Source Files</Filter>
    </ClCompile>
    <ClCompile Include="src\gui_filebrowser.cpp">
      <Filter>Source Files</Filter>
    </ClCompile>
    <ClCompile Include="src\util.cpp">
      <Filter>Source Files</Filter>
    </ClCompile>
    <ClCompile Include="src\mem.cpp">
      <Filter>Source Files</Filter>
    </ClCompile>
    <ClCompile Include="src\emu.cpp">
      <Filter>Source Files</Filter>
    </ClCompile>
    <ClCompile Include="src\disasm.cpp">
      <Filter>Source Files</Filter>
    </ClCompile>
    <ClCompile Include="src\ppu.cpp">
      <Filter>Source Files</Filter>
    </ClCompile>
    <ClCompile Include="contrib\miniz\miniz.c">
      <Filter>Source Files\contrib\miniz</Filter>
    </ClCompile>
    <ClCompile Include="src\inputs.cpp">
      <Filter>Source Files</Filter>
    </ClCompile>
    <ClCompile Include="src\gui_opengl_surface.cpp">
      <Filter>Source Files</Filter>
    </ClCompile>
  </ItemGroup>
  <ItemGroup>
    <ClInclude Include="src\defs.hpp">
      <Filter>Header Files</Filter>
    </ClInclude>
    <ClInclude Include="src\gui.hpp">
      <Filter>Header Files</Filter>
    </ClInclude>
    <ClInclude Include="src\rom.hpp">
      <Filter>Header Files</Filter>
    </ClInclude>
    <ClInclude Include="src\mappers.hpp">
      <Filter>Header Files</Filter>
    </ClInclude>
    <ClInclude Include="src\gui_filebrowser.hpp">
      <Filter>Header Files</Filter>
    </ClInclude>
    <ClInclude Include="src\util.hpp">
      <Filter>Header Files</Filter>
    </ClInclude>
    <ClInclude Include="src\mem.hpp">
      <Filter>Header Files</Filter>
    </ClInclude>
    <ClInclude Include="src\emu.hpp">
      <Filter>Header Files</Filter>
    </ClInclude>
    <ClInclude Include="src\IconsMaterialDesign.h">
      <Filter>Header Files</Filter>
    </ClInclude>
    <ClInclude Include="src\cpu_opcodes.hpp">
      <Filter>Header Files</Filter>
    </ClInclude>
    <ClInclude Include="src\cpu_mnemonics.hpp">
      <Filter>Header Files</Filter>
    </ClInclude>
    <ClInclude Include="src\disasm.hpp">
      <Filter>Header Files</Filter>
    </ClInclude>
    <ClInclude Include="src\ppu.hpp">
      <Filter>Header Files</Filter>
    </ClInclude>
    <ClInclude Include="src\inputs.hpp">
      <Filter>Header Files</Filter>
    </ClInclude>
    <ClInclude Include="src\keynames.hpp">
      <Filter>Header Files</Filter>
    </ClInclude>
    <ClInclude Include="src\gui_opengl_surface.hpp">
      <Filter>Header Files</Filter>
    </ClInclude>
    <ClInclude Include="src\gui_opengl.hpp">
      <Filter>Header Files</Filter>
    </ClInclude>
  </ItemGroup>
  <ItemGroup>
    <Text Include="TODO.txt">
      <Filter>Resource Files</Filter>
    </Text>
  </ItemGroup>
</Project>